
Microsoft Visual Studio Solution File, Format Version 12.00
# Visual Studio Version 17
VisualStudioVersion = 17.14.36603.0 d17.14
MinimumVisualStudioVersion = 10.0.40219.1
Project("{FAE04EC0-301F-11D3-BF4B-00C04F79EFBC}") = "inf04-2022-styczen", "inf04-2022-styczen\inf04-2022-styczen.csproj", "{E00FF51D-BBEF-4722-818C-177A75286068}"
EndProject
Global
	GlobalSection(SolutionConfigurationPlatforms) = preSolution
		Debug|Any CPU = Debug|Any CPU
		Release|Any CPU = Release|Any CPU
	EndGlobalSection
	GlobalSection(ProjectConfigurationPlatforms) = postSolution
		{E00FF51D-BBEF-4722-818C-177A75286068}.Debug|Any CPU.ActiveCfg = Debug|Any CPU
		{E00FF51D-BBEF-4722-818C-177A75286068}.Debug|Any CPU.Build.0 = Debug|Any CPU
		{E00FF51D-BBEF-4722-818C-177A75286068}.Release|Any CPU.ActiveCfg = Release|Any CPU
		{E00FF51D-BBEF-4722-818C-177A75286068}.Release|Any CPU.Build.0 = Release|Any CPU
	EndGlobalSection
	GlobalSection(SolutionProperties) = preSolution
		HideSolutionNode = FALSE
	EndGlobalSection
	GlobalSection(ExtensibilityGlobals) = postSolution
		SolutionGuid = {3E9083F2-77CE-4FCD-B9EC-A63FF36EE012}
	EndGlobalSection
EndGlobal
