
Microsoft Visual Studio Solution File, Format Version 12.00
# Visual Studio Version 17
VisualStudioVersion = 17.14.36705.20 d17.14
MinimumVisualStudioVersion = 10.0.40219.1
Project("{FAE04EC0-301F-11D3-BF4B-00C04F79EFBC}") = "ConsoleApp1", "ConsoleApp1\ConsoleApp1.csproj", "{3748C5CB-4EC4-4E9D-A944-9F0383C1866D}"
EndProject
Global
	GlobalSection(SolutionConfigurationPlatforms) = preSolution
		Debug|Any CPU = Debug|Any CPU
		Release|Any CPU = Release|Any CPU
	EndGlobalSection
	GlobalSection(ProjectConfigurationPlatforms) = postSolution
		{3748C5CB-4EC4-4E9D-A944-9F0383C1866D}.Debug|Any CPU.ActiveCfg = Debug|Any CPU
		{3748C5CB-4EC4-4E9D-A944-9F0383C1866D}.Debug|Any CPU.Build.0 = Debug|Any CPU
		{3748C5CB-4EC4-4E9D-A944-9F0383C1866D}.Release|Any CPU.ActiveCfg = Release|Any CPU
		{3748C5CB-4EC4-4E9D-A944-9F0383C1866D}.Release|Any CPU.Build.0 = Release|Any CPU
	EndGlobalSection
	GlobalSection(SolutionProperties) = preSolution
		HideSolutionNode = FALSE
	EndGlobalSection
	GlobalSection(ExtensibilityGlobals) = postSolution
		SolutionGuid = {EDDC4A45-3A71-463C-9EBB-2F06DDB404BE}
	EndGlobalSection
EndGlobal
